
Microsoft Visual Studio Solution File, Format Version 12.00
# Visual Studio Version 17
VisualStudioVersion = 17.3.32811.315
MinimumVisualStudioVersion = 10.0.40219.1
Project("{FAE04EC0-301F-11D3-BF4B-00C04F79EFBC}") = "Massive2", "Massive2\Massive2.csproj", "{558FC702-DB0E-4F84-B395-A578A86ED402}"
EndProject
Global
	GlobalSection(SolutionConfigurationPlatforms) = preSolution
		Debug|Any CPU = Debug|Any CPU
		Release|Any CPU = Release|Any CPU
	EndGlobalSection
	GlobalSection(ProjectConfigurationPlatforms) = postSolution
		{558FC702-DB0E-4F84-B395-A578A86ED402}.Debug|Any CPU.ActiveCfg = Debug|Any CPU
		{558FC702-DB0E-4F84-B395-A578A86ED402}.Debug|Any CPU.Build.0 = Debug|Any CPU
		{558FC702-DB0E-4F84-B395-A578A86ED402}.Release|Any CPU.ActiveCfg = Release|Any CPU
		{558FC702-DB0E-4F84-B395-A578A86ED402}.Release|Any CPU.Build.0 = Release|Any CPU
	EndGlobalSection
	GlobalSection(SolutionProperties) = preSolution
		HideSolutionNode = FALSE
	EndGlobalSection
	GlobalSection(ExtensibilityGlobals) = postSolution
		SolutionGuid = {468D0C48-BE1E-4542-AD50-92584F556DE7}
	EndGlobalSection
EndGlobal
